
Microsoft Visual Studio Solution File, Format Version 12.00
# Visual Studio Version 17
VisualStudioVersion = 17.3.32922.545
MinimumVisualStudioVersion = 10.0.40219.1
Project("{FAE04EC0-301F-11D3-BF4B-00C04F79EFBC}") = "MinimalAPI_CQRS_Mediator", "MinimalAPI_CQRS_Mediator\MinimalAPI_CQRS_Mediator.csproj", "{2B5F8768-1F8B-4888-B865-B3AF755E004A}"
EndProject
Global
	GlobalSection(SolutionConfigurationPlatforms) = preSolution
		Debug|Any CPU = Debug|Any CPU
		Release|Any CPU = Release|Any CPU
	EndGlobalSection
	GlobalSection(ProjectConfigurationPlatforms) = postSolution
		{2B5F8768-1F8B-4888-B865-B3AF755E004A}.Debug|Any CPU.ActiveCfg = Debug|Any CPU
		{2B5F8768-1F8B-4888-B865-B3AF755E004A}.Debug|Any CPU.Build.0 = Debug|Any CPU
		{2B5F8768-1F8B-4888-B865-B3AF755E004A}.Release|Any CPU.ActiveCfg = Release|Any CPU
		{2B5F8768-1F8B-4888-B865-B3AF755E004A}.Release|Any CPU.Build.0 = Release|Any CPU
	EndGlobalSection
	GlobalSection(SolutionProperties) = preSolution
		HideSolutionNode = FALSE
	EndGlobalSection
	GlobalSection(ExtensibilityGlobals) = postSolution
		SolutionGuid = {3C335BB0-DAC4-4C2A-8C8B-F0346CF962D0}
	EndGlobalSection
EndGlobal
